
Microsoft Visual Studio Solution File, Format Version 12.00
# Visual Studio Version 16
VisualStudioVersion = 16.0.31205.134
MinimumVisualStudioVersion = 10.0.40219.1
Project("{FAE04EC0-301F-11D3-BF4B-00C04F79EFBC}") = "Mod_5.HomeWork", "Mod_5.HomeWork\Mod_5.HomeWork.csproj", "{0B4AF8EB-2FDD-4FF2-8643-D0CAC0E99C21}"
EndProject
Global
	GlobalSection(SolutionConfigurationPlatforms) = preSolution
		Debug|Any CPU = Debug|Any CPU
		Release|Any CPU = Release|Any CPU
	EndGlobalSection
	GlobalSection(ProjectConfigurationPlatforms) = postSolution
		{0B4AF8EB-2FDD-4FF2-8643-D0CAC0E99C21}.Debug|Any CPU.ActiveCfg = Debug|Any CPU
		{0B4AF8EB-2FDD-4FF2-8643-D0CAC0E99C21}.Debug|Any CPU.Build.0 = Debug|Any CPU
		{0B4AF8EB-2FDD-4FF2-8643-D0CAC0E99C21}.Release|Any CPU.ActiveCfg = Release|Any CPU
		{0B4AF8EB-2FDD-4FF2-8643-D0CAC0E99C21}.Release|Any CPU.Build.0 = Release|Any CPU
	EndGlobalSection
	GlobalSection(SolutionProperties) = preSolution
		HideSolutionNode = FALSE
	EndGlobalSection
	GlobalSection(ExtensibilityGlobals) = postSolution
		SolutionGuid = {5DA863D7-4D09-4809-B8DC-51A21341735F}
	EndGlobalSection
EndGlobal
